
Microsoft Visual Studio Solution File, Format Version 12.00
# Visual Studio Version 17
VisualStudioVersion = 17.0.31903.59
MinimumVisualStudioVersion = 10.0.40219.1
Project("{2150E333-8FDC-42A3-9474-1A3956D46DE8}") = "src", "src", "{30C8E5DC-125E-4F5D-8F79-32CD0528CBBD}"
EndProject
Project("{9A19103F-16F7-4668-BE54-9A1E7A4F7556}") = "FleetFlow.Api", "src\FleetFlow.Api\FleetFlow.Api.csproj", "{B60317BE-D017-4048-96CB-FD1D217489AC}"
EndProject
Project("{9A19103F-16F7-4668-BE54-9A1E7A4F7556}") = "FleetFlow.DAL", "src\FleetFlow.DAL\FleetFlow.DAL.csproj", "{8CD7924A-3F4F-40A7-B5B1-5F97523EA709}"
EndProject
Project("{9A19103F-16F7-4668-BE54-9A1E7A4F7556}") = "FleetFlow.Domain", "src\FleetFlow.Domain\FleetFlow.Domain.csproj", "{51339825-51B7-41FA-9E49-44D0999BD036}"
EndProject
Project("{9A19103F-16F7-4668-BE54-9A1E7A4F7556}") = "FleetFlow.Service", "src\FleetFlow.Service\FleetFlow.Service.csproj", "{99D0B8DA-F350-4466-832C-1D4F197FCD84}"
EndProject
Project("{2150E333-8FDC-42A3-9474-1A3956D46DE8}") = "tests", "tests", "{0FAB4F36-1596-48EF-B015-F3907D3E2F58}"
EndProject
Project("{9A19103F-16F7-4668-BE54-9A1E7A4F7556}") = "FleetFlow.Tests", "tests\FleetFlow.Tests\FleetFlow.Tests.csproj", "{1E8130F2-15A2-48C7-8697-A6F541BA7F79}"
EndProject
Project("{9A19103F-16F7-4668-BE54-9A1E7A4F7556}") = "FleetFlow.Shared", "src\FleetFlow.Shared\FleetFlow.Shared.csproj", "{9DA5054E-1042-41FB-B5FD-C7AB68BDD7E4}"
EndProject
Project("{9A19103F-16F7-4668-BE54-9A1E7A4F7556}") = "FleetFlow.GraphQL", "src\FleetFlow.GraphQL\FleetFlow.GraphQL.csproj", "{41FB5EF7-F5B7-4FD5-8F38-1504B8C61931}"
EndProject
Global
	GlobalSection(SolutionConfigurationPlatforms) = preSolution
		Debug|Any CPU = Debug|Any CPU
		Release|Any CPU = Release|Any CPU
	EndGlobalSection
	GlobalSection(ProjectConfigurationPlatforms) = postSolution
		{B60317BE-D017-4048-96CB-FD1D217489AC}.Debug|Any CPU.ActiveCfg = Debug|Any CPU
		{B60317BE-D017-4048-96CB-FD1D217489AC}.Debug|Any CPU.Build.0 = Debug|Any CPU
		{B60317BE-D017-4048-96CB-FD1D217489AC}.Release|Any CPU.ActiveCfg = Release|Any CPU
		{B60317BE-D017-4048-96CB-FD1D217489AC}.Release|Any CPU.Build.0 = Release|Any CPU
		{8CD7924A-3F4F-40A7-B5B1-5F97523EA709}.Debug|Any CPU.ActiveCfg = Debug|Any CPU
		{8CD7924A-3F4F-40A7-B5B1-5F97523EA709}.Debug|Any CPU.Build.0 = Debug|Any CPU
		{8CD7924A-3F4F-40A7-B5B1-5F97523EA709}.Release|Any CPU.ActiveCfg = Release|Any CPU
		{8CD7924A-3F4F-40A7-B5B1-5F97523EA709}.Release|Any CPU.Build.0 = Release|Any CPU
		{51339825-51B7-41FA-9E49-44D0999BD036}.Debug|Any CPU.ActiveCfg = Debug|Any CPU
		{51339825-51B7-41FA-9E49-44D0999BD036}.Debug|Any CPU.Build.0 = Debug|Any CPU
		{51339825-51B7-41FA-9E49-44D0999BD036}.Release|Any CPU.ActiveCfg = Release|Any CPU
		{51339825-51B7-41FA-9E49-44D0999BD036}.Release|Any CPU.Build.0 = Release|Any CPU
		{99D0B8DA-F350-4466-832C-1D4F197FCD84}.Debug|Any CPU.ActiveCfg = Debug|Any CPU
		{99D0B8DA-F350-4466-832C-1D4F197FCD84}.Debug|Any CPU.Build.0 = Debug|Any CPU
		{99D0B8DA-F350-4466-832C-1D4F197FCD84}.Release|Any CPU.ActiveCfg = Release|Any CPU
		{99D0B8DA-F350-4466-832C-1D4F197FCD84}.Release|Any CPU.Build.0 = Release|Any CPU
		{1E8130F2-15A2-48C7-8697-A6F541BA7F79}.Debug|Any CPU.ActiveCfg = Debug|Any CPU
		{1E8130F2-15A2-48C7-8697-A6F541BA7F79}.Debug|Any CPU.Build.0 = Debug|Any CPU
		{1E8130F2-15A2-48C7-8697-A6F541BA7F79}.Release|Any CPU.ActiveCfg = Release|Any CPU
		{1E8130F2-15A2-48C7-8697-A6F541BA7F79}.Release|Any CPU.Build.0 = Release|Any CPU
		{9DA5054E-1042-41FB-B5FD-C7AB68BDD7E4}.Debug|Any CPU.ActiveCfg = Debug|Any CPU
		{9DA5054E-1042-41FB-B5FD-C7AB68BDD7E4}.Debug|Any CPU.Build.0 = Debug|Any CPU
		{9DA5054E-1042-41FB-B5FD-C7AB68BDD7E4}.Release|Any CPU.ActiveCfg = Release|Any CPU
		{9DA5054E-1042-41FB-B5FD-C7AB68BDD7E4}.Release|Any CPU.Build.0 = Release|Any CPU
		{41FB5EF7-F5B7-4FD5-8F38-1504B8C61931}.Debug|Any CPU.ActiveCfg = Debug|Any CPU
		{41FB5EF7-F5B7-4FD5-8F38-1504B8C61931}.Debug|Any CPU.Build.0 = Debug|Any CPU
		{41FB5EF7-F5B7-4FD5-8F38-1504B8C61931}.Release|Any CPU.ActiveCfg = Release|Any CPU
		{41FB5EF7-F5B7-4FD5-8F38-1504B8C61931}.Release|Any CPU.Build.0 = Release|Any CPU
	EndGlobalSection
	GlobalSection(SolutionProperties) = preSolution
		HideSolutionNode = FALSE
	EndGlobalSection
	GlobalSection(NestedProjects) = preSolution
		{B60317BE-D017-4048-96CB-FD1D217489AC} = {30C8E5DC-125E-4F5D-8F79-32CD0528CBBD}
		{8CD7924A-3F4F-40A7-B5B1-5F97523EA709} = {30C8E5DC-125E-4F5D-8F79-32CD0528CBBD}
		{51339825-51B7-41FA-9E49-44D0999BD036} = {30C8E5DC-125E-4F5D-8F79-32CD0528CBBD}
		{99D0B8DA-F350-4466-832C-1D4F197FCD84} = {30C8E5DC-125E-4F5D-8F79-32CD0528CBBD}
		{1E8130F2-15A2-48C7-8697-A6F541BA7F79} = {0FAB4F36-1596-48EF-B015-F3907D3E2F58}
		{9DA5054E-1042-41FB-B5FD-C7AB68BDD7E4} = {30C8E5DC-125E-4F5D-8F79-32CD0528CBBD}
		{41FB5EF7-F5B7-4FD5-8F38-1504B8C61931} = {30C8E5DC-125E-4F5D-8F79-32CD0528CBBD}
	EndGlobalSection
	GlobalSection(ExtensibilityGlobals) = postSolution
		SolutionGuid = {00FCE380-942B-426E-93A8-A2C895DFC934}
	EndGlobalSection
EndGlobal
